
Microsoft Visual Studio Solution File, Format Version 12.00
# Visual Studio Version 17
VisualStudioVersion = 17.12.35707.178 d17.12
MinimumVisualStudioVersion = 10.0.40219.1
Project("{2150E333-8FDC-42A3-9474-1A3956D46DE8}") = "src", "src", "{66D0C6CB-611C-449F-A235-C2E55879FC93}"
EndProject
Project("{FAE04EC0-301F-11D3-BF4B-00C04F79EFBC}") = "Ecom.API", "Ecom.API\Ecom.API.csproj", "{6E201F87-333A-4689-BE35-F97888DBE2E9}"
EndProject
Project("{FAE04EC0-301F-11D3-BF4B-00C04F79EFBC}") = "Ecom.CORE", "Ecom.CORE\Ecom.CORE.csproj", "{7C117BCB-1B40-4B81-9ACB-77FA89E72C92}"
EndProject
Project("{FAE04EC0-301F-11D3-BF4B-00C04F79EFBC}") = "Ecom.INFRASTRUCTURE", "Ecom.INFRASTRUCTURE\Ecom.INFRASTRUCTURE.csproj", "{76BCF3C0-DF97-413F-B823-3DA21B0EB2F1}"
EndProject
Global
	GlobalSection(SolutionConfigurationPlatforms) = preSolution
		Debug|Any CPU = Debug|Any CPU
		Release|Any CPU = Release|Any CPU
	EndGlobalSection
	GlobalSection(ProjectConfigurationPlatforms) = postSolution
		{6E201F87-333A-4689-BE35-F97888DBE2E9}.Debug|Any CPU.ActiveCfg = Debug|Any CPU
		{6E201F87-333A-4689-BE35-F97888DBE2E9}.Debug|Any CPU.Build.0 = Debug|Any CPU
		{6E201F87-333A-4689-BE35-F97888DBE2E9}.Release|Any CPU.ActiveCfg = Release|Any CPU
		{6E201F87-333A-4689-BE35-F97888DBE2E9}.Release|Any CPU.Build.0 = Release|Any CPU
		{7C117BCB-1B40-4B81-9ACB-77FA89E72C92}.Debug|Any CPU.ActiveCfg = Debug|Any CPU
		{7C117BCB-1B40-4B81-9ACB-77FA89E72C92}.Debug|Any CPU.Build.0 = Debug|Any CPU
		{7C117BCB-1B40-4B81-9ACB-77FA89E72C92}.Release|Any CPU.ActiveCfg = Release|Any CPU
		{7C117BCB-1B40-4B81-9ACB-77FA89E72C92}.Release|Any CPU.Build.0 = Release|Any CPU
		{76BCF3C0-DF97-413F-B823-3DA21B0EB2F1}.Debug|Any CPU.ActiveCfg = Debug|Any CPU
		{76BCF3C0-DF97-413F-B823-3DA21B0EB2F1}.Debug|Any CPU.Build.0 = Debug|Any CPU
		{76BCF3C0-DF97-413F-B823-3DA21B0EB2F1}.Release|Any CPU.ActiveCfg = Release|Any CPU
		{76BCF3C0-DF97-413F-B823-3DA21B0EB2F1}.Release|Any CPU.Build.0 = Release|Any CPU
	EndGlobalSection
	GlobalSection(SolutionProperties) = preSolution
		HideSolutionNode = FALSE
	EndGlobalSection
	GlobalSection(NestedProjects) = preSolution
		{6E201F87-333A-4689-BE35-F97888DBE2E9} = {66D0C6CB-611C-449F-A235-C2E55879FC93}
		{7C117BCB-1B40-4B81-9ACB-77FA89E72C92} = {66D0C6CB-611C-449F-A235-C2E55879FC93}
		{76BCF3C0-DF97-413F-B823-3DA21B0EB2F1} = {66D0C6CB-611C-449F-A235-C2E55879FC93}
	EndGlobalSection
EndGlobal
